// !$*UTF8*$!
{
	archiveVersion = 1;
	classes = {
	};
	objectVersion = 50;
	objects = {

/* Begin PBXBuildFile section */
		A020AF2324300FB40037C98B /* AppDelegate.swift in Sources */ = {isa = PBXBuildFile; fileRef = A020AF2224300FB40037C98B /* AppDelegate.swift */; };
		A020AF2524300FB40037C98B /* SceneDelegate.swift in Sources */ = {isa = PBXBuildFile; fileRef = A020AF2424300FB40037C98B /* SceneDelegate.swift */; };
		A020AF2724300FB40037C98B /* LandmarkDetail.swift in Sources */ = {isa = PBXBuildFile; fileRef = A020AF2624300FB40037C98B /* LandmarkDetail.swift */; };
		A020AF2924300FBB0037C98B /* Assets.xcassets in Resources */ = {isa = PBXBuildFile; fileRef = A020AF2824300FBB0037C98B /* Assets.xcassets */; };
		A020AF2C24300FBB0037C98B /* Preview Assets.xcassets in Resources */ = {isa = PBXBuildFile; fileRef = A020AF2B24300FBB0037C98B /* Preview Assets.xcassets */; };
		A020AF2F24300FBB0037C98B /* LaunchScreen.storyboard in Resources */ = {isa = PBXBuildFile; fileRef = A020AF2D24300FBB0037C98B /* LaunchScreen.storyboard */; };
		A020AF372430120A0037C98B /* CircleImage.swift in Sources */ = {isa = PBXBuildFile; fileRef = A020AF362430120A0037C98B /* CircleImage.swift */; };
		A020AF39243012D80037C98B /* MapView.swift in Sources */ = {isa = PBXBuildFile; fileRef = A020AF38243012D80037C98B /* MapView.swift */; };
		A020AF3C243021430037C98B /* Landmark.swift in Sources */ = {isa = PBXBuildFile; fileRef = A020AF3B243021430037C98B /* Landmark.swift */; };
		A020AF3F243023DB0037C98B /* landmarkData.json in Resources */ = {isa = PBXBuildFile; fileRef = A020AF3E243023DB0037C98B /* landmarkData.json */; };
		A020AF41243024140037C98B /* Data.swift in Sources */ = {isa = PBXBuildFile; fileRef = A020AF40243024140037C98B /* Data.swift */; };
		A020AF43243024300037C98B /* ImageStore.swift in Sources */ = {isa = PBXBuildFile; fileRef = A020AF42243024300037C98B /* ImageStore.swift */; };
		A020AF50243024D00037C98B /* hiddenlake.jpg in Resources */ = {isa = PBXBuildFile; fileRef = A020AF44243024CF0037C98B /* hiddenlake.jpg */; };
		A020AF51243024D00037C98B /* umbagog.jpg in Resources */ = {isa = PBXBuildFile; fileRef = A020AF45243024CF0037C98B /* umbagog.jpg */; };
		A020AF52243024D00037C98B /* lakemcdonald.jpg in Resources */ = {isa = PBXBuildFile; fileRef = A020AF46243024CF0037C98B /* lakemcdonald.jpg */; };
		A020AF53243024D00037C98B /* chilkoottrail.jpg in Resources */ = {isa = PBXBuildFile; fileRef = A020AF47243024CF0037C98B /* chilkoottrail.jpg */; };
		A020AF54243024D00037C98B /* stmarylake.jpg in Resources */ = {isa = PBXBuildFile; fileRef = A020AF48243024CF0037C98B /* stmarylake.jpg */; };
		A020AF55243024D00037C98B /* turtlerock.jpg in Resources */ = {isa = PBXBuildFile; fileRef = A020AF49243024CF0037C98B /* turtlerock.jpg */; };
		A020AF56243024D00037C98B /* rainbowlake.jpg in Resources */ = {isa = PBXBuildFile; fileRef = A020AF4A243024CF0037C98B /* rainbowlake.jpg */; };
		A020AF57243024D00037C98B /* twinlake.jpg in Resources */ = {isa = PBXBuildFile; fileRef = A020AF4B243024D00037C98B /* twinlake.jpg */; };
		A020AF58243024D00037C98B /* yukon_charleyrivers.jpg in Resources */ = {isa = PBXBuildFile; fileRef = A020AF4C243024D00037C98B /* yukon_charleyrivers.jpg */; };
		A020AF59243024D00037C98B /* chincoteague.jpg in Resources */ = {isa = PBXBuildFile; fileRef = A020AF4D243024D00037C98B /* chincoteague.jpg */; };
		A020AF5A243024D00037C98B /* icybay.jpg in Resources */ = {isa = PBXBuildFile; fileRef = A020AF4E243024D00037C98B /* icybay.jpg */; };
		A020AF5B243024D00037C98B /* silversalmoncreek.jpg in Resources */ = {isa = PBXBuildFile; fileRef = A020AF4F243024D00037C98B /* silversalmoncreek.jpg */; };
		A020AF5E2430252B0037C98B /* LandmarkRow.swift in Sources */ = {isa = PBXBuildFile; fileRef = A020AF5D2430252B0037C98B /* LandmarkRow.swift */; };
		A020AF60243027290037C98B /* LandmarkList.swift in Sources */ = {isa = PBXBuildFile; fileRef = A020AF5F243027290037C98B /* LandmarkList.swift */; };
/* End PBXBuildFile section */

/* Begin PBXFileReference section */
		A020AF1F24300FB40037C98B /* Landmarks.app */ = {isa = PBXFileReference; explicitFileType = wrapper.application; includeInIndex = 0; path = Landmarks.app; sourceTree = BUILT_PRODUCTS_DIR; };
		A020AF2224300FB40037C98B /* AppDelegate.swift */ = {isa = PBXFileReference; lastKnownFileType = sourcecode.swift; path = AppDelegate.swift; sourceTree = "<group>"; };
		A020AF2424300FB40037C98B /* SceneDelegate.swift */ = {isa = PBXFileReference; lastKnownFileType = sourcecode.swift; path = SceneDelegate.swift; sourceTree = "<group>"; };
		A020AF2624300FB40037C98B /* LandmarkDetail.swift */ = {isa = PBXFileReference; lastKnownFileType = sourcecode.swift; path = LandmarkDetail.swift; sourceTree = "<group>"; };
		A020AF2824300FBB0037C98B /* Assets.xcassets */ = {isa = PBXFileReference; lastKnownFileType = folder.assetcatalog; path = Assets.xcassets; sourceTree = "<group>"; };
		A020AF2B24300FBB0037C98B /* Preview Assets.xcassets */ = {isa = PBXFileReference; lastKnownFileType = folder.assetcatalog; path = "Preview Assets.xcassets"; sourceTree = "<group>"; };
		A020AF2E24300FBB0037C98B /* Base */ = {isa = PBXFileReference; lastKnownFileType = file.storyboard; name = Base; path = Base.lproj/LaunchScreen.storyboard; sourceTree = "<group>"; };
		A020AF3024300FBB0037C98B /* Info.plist */ = {isa = PBXFileReference; lastKnownFileType = text.plist.xml; path = Info.plist; sourceTree = "<group>"; };
		A020AF362430120A0037C98B /* CircleImage.swift */ = {isa = PBXFileReference; lastKnownFileType = sourcecode.swift; path = CircleImage.swift; sourceTree = "<group>"; };
		A020AF38243012D80037C98B /* MapView.swift */ = {isa = PBXFileReference; lastKnownFileType = sourcecode.swift; path = MapView.swift; sourceTree = "<group>"; };
		A020AF3B243021430037C98B /* Landmark.swift */ = {isa = PBXFileReference; lastKnownFileType = sourcecode.swift; path = Landmark.swift; sourceTree = "<group>"; };
		A020AF3E243023DB0037C98B /* landmarkData.json */ = {isa = PBXFileReference; fileEncoding = 4; lastKnownFileType = text.json; path = landmarkData.json; sourceTree = "<group>"; };
		A020AF40243024140037C98B /* Data.swift */ = {isa = PBXFileReference; lastKnownFileType = sourcecode.swift; path = Data.swift; sourceTree = "<group>"; };
		A020AF42243024300037C98B /* ImageStore.swift */ = {isa = PBXFileReference; lastKnownFileType = sourcecode.swift; path = ImageStore.swift; sourceTree = "<group>"; };
		A020AF44243024CF0037C98B /* hiddenlake.jpg */ = {isa = PBXFileReference; lastKnownFileType = image.jpeg; path = hiddenlake.jpg; sourceTree = "<group>"; };
		A020AF45243024CF0037C98B /* umbagog.jpg */ = {isa = PBXFileReference; lastKnownFileType = image.jpeg; path = umbagog.jpg; sourceTree = "<group>"; };
		A020AF46243024CF0037C98B /* lakemcdonald.jpg */ = {isa = PBXFileReference; lastKnownFileType = image.jpeg; path = lakemcdonald.jpg; sourceTree = "<group>"; };
		A020AF47243024CF0037C98B /* chilkoottrail.jpg */ = {isa = PBXFileReference; lastKnownFileType = image.jpeg; path = chilkoottrail.jpg; sourceTree = "<group>"; };
		A020AF48243024CF0037C98B /* stmarylake.jpg */ = {isa = PBXFileReference; lastKnownFileType = image.jpeg; path = stmarylake.jpg; sourceTree = "<group>"; };
		A020AF49243024CF0037C98B /* turtlerock.jpg */ = {isa = PBXFileReference; lastKnownFileType = image.jpeg; path = turtlerock.jpg; sourceTree = "<group>"; };
		A020AF4A243024CF0037C98B /* rainbowlake.jpg */ = {isa = PBXFileReference; lastKnownFileType = image.jpeg; path = rainbowlake.jpg; sourceTree = "<group>"; };
		A020AF4B243024D00037C98B /* twinlake.jpg */ = {isa = PBXFileReference; lastKnownFileType = image.jpeg; path = twinlake.jpg; sourceTree = "<group>"; };
		A020AF4C243024D00037C98B /* yukon_charleyrivers.jpg */ = {isa = PBXFileReference; lastKnownFileType = image.jpeg; path = yukon_charleyrivers.jpg; sourceTree = "<group>"; };
		A020AF4D243024D00037C98B /* chincoteague.jpg */ = {isa = PBXFileReference; lastKnownFileType = image.jpeg; path = chincoteague.jpg; sourceTree = "<group>"; };
		A020AF4E243024D00037C98B /* icybay.jpg */ = {isa = PBXFileReference; lastKnownFileType = image.jpeg; path = icybay.jpg; sourceTree = "<group>"; };
		A020AF4F243024D00037C98B /* silversalmoncreek.jpg */ = {isa = PBXFileReference; lastKnownFileType = image.jpeg; path = silversalmoncreek.jpg; sourceTree = "<group>"; };
		A020AF5D2430252B0037C98B /* LandmarkRow.swift */ = {isa = PBXFileReference; lastKnownFileType = sourcecode.swift; path = LandmarkRow.swift; sourceTree = "<group>"; };
		A020AF5F243027290037C98B /* LandmarkList.swift */ = {isa = PBXFileReference; lastKnownFileType = sourcecode.swift; path = LandmarkList.swift; sourceTree = "<group>"; };
/* End PBXFileReference section */

/* Begin PBXFrameworksBuildPhase section */
		A020AF1C24300FB40037C98B /* Frameworks */ = {
			isa = PBXFrameworksBuildPhase;
			buildActionMask = 2147483647;
			files = (
			);
			runOnlyForDeploymentPostprocessing = 0;
		};
/* End PBXFrameworksBuildPhase section */

/* Begin PBXGroup section */
		A020AF1624300FB40037C98B = {
			isa = PBXGroup;
			children = (
				A020AF2124300FB40037C98B /* Landmarks */,
				A020AF2024300FB40037C98B /* Products */,
			);
			sourceTree = "<group>";
		};
		A020AF2024300FB40037C98B /* Products */ = {
			isa = PBXGroup;
			children = (
				A020AF1F24300FB40037C98B /* Landmarks.app */,
			);
			name = Products;
			sourceTree = "<group>";
		};
		A020AF2124300FB40037C98B /* Landmarks */ = {
			isa = PBXGroup;
			children = (
				A020AF5C2430250F0037C98B /* Views */,
				A020AF3024300FBB0037C98B /* Info.plist */,
				A020AF2224300FB40037C98B /* AppDelegate.swift */,
				A020AF42243024300037C98B /* ImageStore.swift */,
				A020AF2424300FB40037C98B /* SceneDelegate.swift */,
				A020AF2824300FBB0037C98B /* Assets.xcassets */,
				A020AF2D24300FBB0037C98B /* LaunchScreen.storyboard */,
				A020AF3A243021340037C98B /* Models */,
				A020AF2A24300FBB0037C98B /* Preview Content */,
				A020AF3D243023B30037C98B /* Resources */,
			);
			path = Landmarks;
			sourceTree = "<group>";
		};
		A020AF2A24300FBB0037C98B /* Preview Content */ = {
			isa = PBXGroup;
			children = (
				A020AF2B24300FBB0037C98B /* Preview Assets.xcassets */,
			);
			path = "Preview Content";
			sourceTree = "<group>";
		};
		A020AF3A243021340037C98B /* Models */ = {
			isa = PBXGroup;
			children = (
				A020AF40243024140037C98B /* Data.swift */,
				A020AF3B243021430037C98B /* Landmark.swift */,
			);
			path = Models;
			sourceTree = "<group>";
		};
		A020AF3D243023B30037C98B /* Resources */ = {
			isa = PBXGroup;
			children = (
				A020AF47243024CF0037C98B /* chilkoottrail.jpg */,
				A020AF4D243024D00037C98B /* chincoteague.jpg */,
				A020AF44243024CF0037C98B /* hiddenlake.jpg */,
				A020AF4E243024D00037C98B /* icybay.jpg */,
				A020AF46243024CF0037C98B /* lakemcdonald.jpg */,
				A020AF4A243024CF0037C98B /* rainbowlake.jpg */,
				A020AF4F243024D00037C98B /* silversalmoncreek.jpg */,
				A020AF48243024CF0037C98B /* stmarylake.jpg */,
				A020AF49243024CF0037C98B /* turtlerock.jpg */,
				A020AF4B243024D00037C98B /* twinlake.jpg */,
				A020AF45243024CF0037C98B /* umbagog.jpg */,
				A020AF4C243024D00037C98B /* yukon_charleyrivers.jpg */,
				A020AF3E243023DB0037C98B /* landmarkData.json */,
			);
			path = Resources;
			sourceTree = "<group>";
		};
		A020AF5C2430250F0037C98B /* Views */ = {
			isa = PBXGroup;
			children = (
				A020AF362430120A0037C98B /* CircleImage.swift */,
				A020AF38243012D80037C98B /* MapView.swift */,
				A020AF2624300FB40037C98B /* LandmarkDetail.swift */,
				A020AF5D2430252B0037C98B /* LandmarkRow.swift */,
				A020AF5F243027290037C98B /* LandmarkList.swift */,
			);
			path = Views;
			sourceTree = "<group>";
		};
/* End PBXGroup section */

/* Begin PBXNativeTarget section */
		A020AF1E24300FB40037C98B /* Landmarks */ = {
			isa = PBXNativeTarget;
			buildConfigurationList = A020AF3324300FBB0037C98B /* Build configuration list for PBXNativeTarget "Landmarks" */;
			buildPhases = (
				A020AF1B24300FB40037C98B /* Sources */,
				A020AF1C24300FB40037C98B /* Frameworks */,
				A020AF1D24300FB40037C98B /* Resources */,
			);
			buildRules = (
			);
			dependencies = (
			);
			name = Landmarks;
			productName = Landmarks;
			productReference = A020AF1F24300FB40037C98B /* Landmarks.app */;
			productType = "com.apple.product-type.application";
		};
/* End PBXNativeTarget section */

/* Begin PBXProject section */
		A020AF1724300FB40037C98B /* Project object */ = {
			isa = PBXProject;
			attributes = {
				LastSwiftUpdateCheck = 1140;
				LastUpgradeCheck = 1140;
				ORGANIZATIONNAME = "Lisandro Falconi";
				TargetAttributes = {
					A020AF1E24300FB40037C98B = {
						CreatedOnToolsVersion = 11.4;
					};
				};
			};
			buildConfigurationList = A020AF1A24300FB40037C98B /* Build configuration list for PBXProject "Landmarks" */;
			compatibilityVersion = "Xcode 9.3";
			developmentRegion = en;
			hasScannedForEncodings = 0;
			knownRegions = (
				en,
				Base,
			);
			mainGroup = A020AF1624300FB40037C98B;
			productRefGroup = A020AF2024300FB40037C98B /* Products */;
			projectDirPath = "";
			projectRoot = "";
			targets = (
				A020AF1E24300FB40037C98B /* Landmarks */,
			);
		};
/* End PBXProject section */

/* Begin PBXResourcesBuildPhase section */
		A020AF1D24300FB40037C98B /* Resources */ = {
			isa = PBXResourcesBuildPhase;
			buildActionMask = 2147483647;
			files = (
				A020AF56243024D00037C98B /* rainbowlake.jpg in Resources */,
				A020AF54243024D00037C98B /* stmarylake.jpg in Resources */,
				A020AF52243024D00037C98B /* lakemcdonald.jpg in Resources */,
				A020AF53243024D00037C98B /* chilkoottrail.jpg in Resources */,
				A020AF51243024D00037C98B /* umbagog.jpg in Resources */,
				A020AF55243024D00037C98B /* turtlerock.jpg in Resources */,
				A020AF57243024D00037C98B /* twinlake.jpg in Resources */,
				A020AF2F24300FBB0037C98B /* LaunchScreen.storyboard in Resources */,
				A020AF3F243023DB0037C98B /* landmarkData.json in Resources */,
				A020AF2C24300FBB0037C98B /* Preview Assets.xcassets in Resources */,
				A020AF59243024D00037C98B /* chincoteague.jpg in Resources */,
				A020AF50243024D00037C98B /* hiddenlake.jpg in Resources */,
				A020AF2924300FBB0037C98B /* Assets.xcassets in Resources */,
				A020AF5B243024D00037C98B /* silversalmoncreek.jpg in Resources */,
				A020AF5A243024D00037C98B /* icybay.jpg in Resources */,
				A020AF58243024D00037C98B /* yukon_charleyrivers.jpg in Resources */,
			);
			runOnlyForDeploymentPostprocessing = 0;
		};
/* End PBXResourcesBuildPhase section */

/* Begin PBXSourcesBuildPhase section */
		A020AF1B24300FB40037C98B /* Sources */ = {
			isa = PBXSourcesBuildPhase;
			buildActionMask = 2147483647;
			files = (
				A020AF41243024140037C98B /* Data.swift in Sources */,
				A020AF2324300FB40037C98B /* AppDelegate.swift in Sources */,
				A020AF372430120A0037C98B /* CircleImage.swift in Sources */,
				A020AF43243024300037C98B /* ImageStore.swift in Sources */,
				A020AF39243012D80037C98B /* MapView.swift in Sources */,
				A020AF2524300FB40037C98B /* SceneDelegate.swift in Sources */,
				A020AF2724300FB40037C98B /* LandmarkDetail.swift in Sources */,
				A020AF3C243021430037C98B /* Landmark.swift in Sources */,
				A020AF5E2430252B0037C98B /* LandmarkRow.swift in Sources */,
				A020AF60243027290037C98B /* LandmarkList.swift in Sources */,
			);
			runOnlyForDeploymentPostprocessing = 0;
		};
/* End PBXSourcesBuildPhase section */

/* Begin PBXVariantGroup section */
		A020AF2D24300FBB0037C98B /* LaunchScreen.storyboard */ = {
			isa = PBXVariantGroup;
			children = (
				A020AF2E24300FBB0037C98B /* Base */,
			);
			name = LaunchScreen.storyboard;
			sourceTree = "<group>";
		};
/* End PBXVariantGroup section */

/* Begin XCBuildConfiguration section */
		A020AF3124300FBB0037C98B /* Debug */ = {
			isa = XCBuildConfiguration;
			buildSettings = {
				ALWAYS_SEARCH_USER_PATHS = NO;
				CLANG_ANALYZER_NONNULL = YES;
				CLANG_ANALYZER_NUMBER_OBJECT_CONVERSION = YES_AGGRESSIVE;
				CLANG_CXX_LANGUAGE_STANDARD = "gnu++14";
				CLANG_CXX_LIBRARY = "libc++";
				CLANG_ENABLE_MODULES = YES;
				CLANG_ENABLE_OBJC_ARC = YES;
				CLANG_ENABLE_OBJC_WEAK = YES;
				CLANG_WARN_BLOCK_CAPTURE_AUTORELEASING = YES;
				CLANG_WARN_BOOL_CONVERSION = YES;
				CLANG_WARN_COMMA = YES;
				CLANG_WARN_CONSTANT_CONVERSION = YES;
				CLANG_WARN_DEPRECATED_OBJC_IMPLEMENTATIONS = YES;
				CLANG_WARN_DIRECT_OBJC_ISA_USAGE = YES_ERROR;
				CLANG_WARN_DOCUMENTATION_COMMENTS = YES;
				CLANG_WARN_EMPTY_BODY = YES;
				CLANG_WARN_ENUM_CONVERSION = YES;
				CLANG_WARN_INFINITE_RECURSION = YES;
				CLANG_WARN_INT_CONVERSION = YES;
				CLANG_WARN_NON_LITERAL_NULL_CONVERSION = YES;
				CLANG_WARN_OBJC_IMPLICIT_RETAIN_SELF = YES;
				CLANG_WARN_OBJC_LITERAL_CONVERSION = YES;
				CLANG_WARN_OBJC_ROOT_CLASS = YES_ERROR;
				CLANG_WARN_RANGE_LOOP_ANALYSIS = YES;
				CLANG_WARN_STRICT_PROTOTYPES = YES;
				CLANG_WARN_SUSPICIOUS_MOVE = YES;
				CLANG_WARN_UNGUARDED_AVAILABILITY = YES_AGGRESSIVE;
				CLANG_WARN_UNREACHABLE_CODE = YES;
				CLANG_WARN__DUPLICATE_METHOD_MATCH = YES;
				COPY_PHASE_STRIP = NO;
				DEBUG_INFORMATION_FORMAT = dwarf;
				ENABLE_STRICT_OBJC_MSGSEND = YES;
				ENABLE_TESTABILITY = YES;
				GCC_C_LANGUAGE_STANDARD = gnu11;
				GCC_DYNAMIC_NO_PIC = NO;
				GCC_NO_COMMON_BLOCKS = YES;
				GCC_OPTIMIZATION_LEVEL = 0;
				GCC_PREPROCESSOR_DEFINITIONS = (
					"DEBUG=1",
					"$(inherited)",
				);
				GCC_WARN_64_TO_32_BIT_CONVERSION = YES;
				GCC_WARN_ABOUT_RETURN_TYPE = YES_ERROR;
				GCC_WARN_UNDECLARED_SELECTOR = YES;
				GCC_WARN_UNINITIALIZED_AUTOS = YES_AGGRESSIVE;
				GCC_WARN_UNUSED_FUNCTION = YES;
				GCC_WARN_UNUSED_VARIABLE = YES;
				IPHONEOS_DEPLOYMENT_TARGET = 13.4;
				MTL_ENABLE_DEBUG_INFO = INCLUDE_SOURCE;
				MTL_FAST_MATH = YES;
				ONLY_ACTIVE_ARCH = YES;
				SDKROOT = iphoneos;
				SWIFT_ACTIVE_COMPILATION_CONDITIONS = DEBUG;
				SWIFT_OPTIMIZATION_LEVEL = "-Onone";
			};
			name = Debug;
		};
		A020AF3224300FBB0037C98B /* Release */ = {
			isa = XCBuildConfiguration;
			buildSettings = {
				ALWAYS_SEARCH_USER_PATHS = NO;
				CLANG_ANALYZER_NONNULL = YES;
				CLANG_ANALYZER_NUMBER_OBJECT_CONVERSION = YES_AGGRESSIVE;
				CLANG_CXX_LANGUAGE_STANDARD = "gnu++14";
				CLANG_CXX_LIBRARY = "libc++";
				CLANG_ENABLE_MODULES = YES;
				CLANG_ENABLE_OBJC_ARC = YES;
				CLANG_ENABLE_OBJC_WEAK = YES;
				CLANG_WARN_BLOCK_CAPTURE_AUTORELEASING = YES;
				CLANG_WARN_BOOL_CONVERSION = YES;
				CLANG_WARN_COMMA = YES;
				CLANG_WARN_CONSTANT_CONVERSION = YES;
				CLANG_WARN_DEPRECATED_OBJC_IMPLEMENTATIONS = YES;
				CLANG_WARN_DIRECT_OBJC_ISA_USAGE = YES_ERROR;
				CLANG_WARN_DOCUMENTATION_COMMENTS = YES;
				CLANG_WARN_EMPTY_BODY = YES;
				CLANG_WARN_ENUM_CONVERSION = YES;
				CLANG_WARN_INFINITE_RECURSION = YES;
				CLANG_WARN_INT_CONVERSION = YES;
				CLANG_WARN_NON_LITERAL_NULL_CONVERSION = YES;
				CLANG_WARN_OBJC_IMPLICIT_RETAIN_SELF = YES;
				CLANG_WARN_OBJC_LITERAL_CONVERSION = YES;
				CLANG_WARN_OBJC_ROOT_CLASS = YES_ERROR;
				CLANG_WARN_RANGE_LOOP_ANALYSIS = YES;
				CLANG_WARN_STRICT_PROTOTYPES = YES;
				CLANG_WARN_SUSPICIOUS_MOVE = YES;
				CLANG_WARN_UNGUARDED_AVAILABILITY = YES_AGGRESSIVE;
				CLANG_WARN_UNREACHABLE_CODE = YES;
				CLANG_WARN__DUPLICATE_METHOD_MATCH = YES;
				COPY_PHASE_STRIP = NO;
				DEBUG_INFORMATION_FORMAT = "dwarf-with-dsym";
				ENABLE_NS_ASSERTIONS = NO;
				ENABLE_STRICT_OBJC_MSGSEND = YES;
				GCC_C_LANGUAGE_STANDARD = gnu11;
				GCC_NO_COMMON_BLOCKS = YES;
				GCC_WARN_64_TO_32_BIT_CONVERSION = YES;
				GCC_WARN_ABOUT_RETURN_TYPE = YES_ERROR;
				GCC_WARN_UNDECLARED_SELECTOR = YES;
				GCC_WARN_UNINITIALIZED_AUTOS = YES_AGGRESSIVE;
				GCC_WARN_UNUSED_FUNCTION = YES;
				GCC_WARN_UNUSED_VARIABLE = YES;
				IPHONEOS_DEPLOYMENT_TARGET = 13.4;
				MTL_ENABLE_DEBUG_INFO = NO;
				MTL_FAST_MATH = YES;
				SDKROOT = iphoneos;
				SWIFT_COMPILATION_MODE = wholemodule;
				SWIFT_OPTIMIZATION_LEVEL = "-O";
				VALIDATE_PRODUCT = YES;
			};
			name = Release;
		};
		A020AF3424300FBB0037C98B /* Debug */ = {
			isa = XCBuildConfiguration;
			buildSettings = {
				ASSETCATALOG_COMPILER_APPICON_NAME = AppIcon;
				CODE_SIGN_STYLE = Automatic;
				DEVELOPMENT_ASSET_PATHS = "\"Landmarks/Preview Content\"";
				DEVELOPMENT_TEAM = 9YQEN8BUQJ;
				ENABLE_PREVIEWS = YES;
				INFOPLIST_FILE = Landmarks/Info.plist;
				LD_RUNPATH_SEARCH_PATHS = (
					"$(inherited)",
					"@executable_path/Frameworks",
				);
				PRODUCT_BUNDLE_IDENTIFIER = com.lisandrofalconi.Landmarks;
				PRODUCT_NAME = "$(TARGET_NAME)";
				SWIFT_VERSION = 5.0;
				TARGETED_DEVICE_FAMILY = "1,2";
			};
			name = Debug;
		};
		A020AF3524300FBB0037C98B /* Release */ = {
			isa = XCBuildConfiguration;
			buildSettings = {
				ASSETCATALOG_COMPILER_APPICON_NAME = AppIcon;
				CODE_SIGN_STYLE = Automatic;
				DEVELOPMENT_ASSET_PATHS = "\"Landmarks/Preview Content\"";
				DEVELOPMENT_TEAM = 9YQEN8BUQJ;
				ENABLE_PREVIEWS = YES;
				INFOPLIST_FILE = Landmarks/Info.plist;
				LD_RUNPATH_SEARCH_PATHS = (
					"$(inherited)",
					"@executable_path/Frameworks",
				);
				PRODUCT_BUNDLE_IDENTIFIER = com.lisandrofalconi.Landmarks;
				PRODUCT_NAME = "$(TARGET_NAME)";
				SWIFT_VERSION = 5.0;
				TARGETED_DEVICE_FAMILY = "1,2";
			};
			name = Release;
		};
/* End XCBuildConfiguration section */

/* Begin XCConfigurationList section */
		A020AF1A24300FB40037C98B /* Build configuration list for PBXProject "Landmarks" */ = {
			isa = XCConfigurationList;
			buildConfigurations = (
				A020AF3124300FBB0037C98B /* Debug */,
				A020AF3224300FBB0037C98B /* Release */,
			);
			defaultConfigurationIsVisible = 0;
			defaultConfigurationName = Release;
		};
		A020AF3324300FBB0037C98B /* Build configuration list for PBXNativeTarget "Landmarks" */ = {
			isa = XCConfigurationList;
			buildConfigurations = (
				A020AF3424300FBB0037C98B /* Debug */,
				A020AF3524300FBB0037C98B /* Release */,
			);
			defaultConfigurationIsVisible = 0;
			defaultConfigurationName = Release;
		};
/* End XCConfigurationList section */
	};
	rootObject = A020AF1724300FB40037C98B /* Project object */;
}
