// !$*UTF8*$!
{
	archiveVersion = 1;
	classes = {
	};
	objectVersion = 50;
	objects = {

/* Begin PBXBuildFile section */
		A020AF2324300FB40037C98B /* AppDelegate.swift in Sources */ = {isa = PBXBuildFile; fileRef = A020AF2224300FB40037C98B /* AppDelegate.swift */; };
		A020AF2524300FB40037C98B /* SceneDelegate.swift in Sources */ = {isa = PBXBuildFile; fileRef = A020AF2424300FB40037C98B /* SceneDelegate.swift */; };
		A020AF2724300FB40037C98B /* LandmarkDetail.swift in Sources */ = {isa = PBXBuildFile; fileRef = A020AF2624300FB40037C98B /* LandmarkDetail.swift */; };
		A020AF2924300FBB0037C98B /* Assets.xcassets in Resources */ = {isa = PBXBuildFile; fileRef = A020AF2824300FBB0037C98B /* Assets.xcassets */; };
		A020AF2C24300FBB0037C98B /* Preview Assets.xcassets in Resources */ = {isa = PBXBuildFile; fileRef = A020AF2B24300FBB0037C98B /* Preview Assets.xcassets */; };
		A020AF2F24300FBB0037C98B /* LaunchScreen.storyboard in Resources */ = {isa = PBXBuildFile; fileRef = A020AF2D24300FBB0037C98B /* LaunchScreen.storyboard */; };
		A020AF372430120A0037C98B /* CircleImage.swift in Sources */ = {isa = PBXBuildFile; fileRef = A020AF362430120A0037C98B /* CircleImage.swift */; };
		A020AF39243012D80037C98B /* MapView.swift in Sources */ = {isa = PBXBuildFile; fileRef = A020AF38243012D80037C98B /* MapView.swift */; };
		A020AF3C243021430037C98B /* Landmark.swift in Sources */ = {isa = PBXBuildFile; fileRef = A020AF3B243021430037C98B /* Landmark.swift */; };
		A020AF41243024140037C98B /* Data.swift in Sources */ = {isa = PBXBuildFile; fileRef = A020AF40243024140037C98B /* Data.swift */; };
		A020AF43243024300037C98B /* ImageStore.swift in Sources */ = {isa = PBXBuildFile; fileRef = A020AF42243024300037C98B /* ImageStore.swift */; };
		A020AF5E2430252B0037C98B /* LandmarkRow.swift in Sources */ = {isa = PBXBuildFile; fileRef = A020AF5D2430252B0037C98B /* LandmarkRow.swift */; };
		A020AF60243027290037C98B /* LandmarkList.swift in Sources */ = {isa = PBXBuildFile; fileRef = A020AF5F243027290037C98B /* LandmarkList.swift */; };
		A0420FE324303DFC00118418 /* landmarkData.json in Resources */ = {isa = PBXBuildFile; fileRef = A0420FE224303DFC00118418 /* landmarkData.json */; };
		A042100824303E9000118418 /* rainbowlake.jpg in Resources */ = {isa = PBXBuildFile; fileRef = A0420FFC24303E8F00118418 /* rainbowlake.jpg */; };
		A042100924303E9000118418 /* chilkoottrail.jpg in Resources */ = {isa = PBXBuildFile; fileRef = A0420FFD24303E8F00118418 /* chilkoottrail.jpg */; };
		A042100A24303E9000118418 /* silversalmoncreek.jpg in Resources */ = {isa = PBXBuildFile; fileRef = A0420FFE24303E8F00118418 /* silversalmoncreek.jpg */; };
		A042100B24303E9000118418 /* twinlake.jpg in Resources */ = {isa = PBXBuildFile; fileRef = A0420FFF24303E8F00118418 /* twinlake.jpg */; };
		A042100C24303E9000118418 /* charleyrivers.jpg in Resources */ = {isa = PBXBuildFile; fileRef = A042100024303E8F00118418 /* charleyrivers.jpg */; };
		A042100D24303E9000118418 /* hiddenlake.jpg in Resources */ = {isa = PBXBuildFile; fileRef = A042100124303E8F00118418 /* hiddenlake.jpg */; };
		A042100E24303E9000118418 /* turtlerock.jpg in Resources */ = {isa = PBXBuildFile; fileRef = A042100224303E8F00118418 /* turtlerock.jpg */; };
		A042100F24303E9000118418 /* lakemcdonald.jpg in Resources */ = {isa = PBXBuildFile; fileRef = A042100324303E8F00118418 /* lakemcdonald.jpg */; };
		A042101024303E9000118418 /* umbagog.jpg in Resources */ = {isa = PBXBuildFile; fileRef = A042100424303E8F00118418 /* umbagog.jpg */; };
		A042101124303E9000118418 /* stmarylake.jpg in Resources */ = {isa = PBXBuildFile; fileRef = A042100524303E8F00118418 /* stmarylake.jpg */; };
		A042101224303E9000118418 /* icybay.jpg in Resources */ = {isa = PBXBuildFile; fileRef = A042100624303E8F00118418 /* icybay.jpg */; };
		A042101324303E9000118418 /* chincoteague.jpg in Resources */ = {isa = PBXBuildFile; fileRef = A042100724303E9000118418 /* chincoteague.jpg */; };
		A042101524303EF900118418 /* UserData.swift in Sources */ = {isa = PBXBuildFile; fileRef = A042101424303EF900118418 /* UserData.swift */; };
		A04210172430E37200118418 /* Badge.swift in Sources */ = {isa = PBXBuildFile; fileRef = A04210162430E37200118418 /* Badge.swift */; };
		A04210192430E41F00118418 /* HexagonParameters.swift in Sources */ = {isa = PBXBuildFile; fileRef = A04210182430E41F00118418 /* HexagonParameters.swift */; };
		A042101B2430E83D00118418 /* BadgeBackground.swift in Sources */ = {isa = PBXBuildFile; fileRef = A042101A2430E83D00118418 /* BadgeBackground.swift */; };
		A042101D2430E8D100118418 /* BadgeSymbol.swift in Sources */ = {isa = PBXBuildFile; fileRef = A042101C2430E8D100118418 /* BadgeSymbol.swift */; };
		A042101F2430EDB200118418 /* RotatedBadgeSymbol.swift in Sources */ = {isa = PBXBuildFile; fileRef = A042101E2430EDB200118418 /* RotatedBadgeSymbol.swift */; };
		A04210212430F5E500118418 /* HikeView.swift in Sources */ = {isa = PBXBuildFile; fileRef = A04210202430F5E500118418 /* HikeView.swift */; };
		A04210232430FB9D00118418 /* Hike.swift in Sources */ = {isa = PBXBuildFile; fileRef = A04210222430FB9D00118418 /* Hike.swift */; };
		A04210252430FCC300118418 /* hikeData.json in Resources */ = {isa = PBXBuildFile; fileRef = A04210242430FCC300118418 /* hikeData.json */; };
		A04210272430FD1500118418 /* HikeDetail.swift in Sources */ = {isa = PBXBuildFile; fileRef = A04210262430FD1500118418 /* HikeDetail.swift */; };
		A04210292430FD4300118418 /* HikeGraph.swift in Sources */ = {isa = PBXBuildFile; fileRef = A04210282430FD4300118418 /* HikeGraph.swift */; };
		A042102B2430FDCD00118418 /* GraphCapsule.swift in Sources */ = {isa = PBXBuildFile; fileRef = A042102A2430FDCD00118418 /* GraphCapsule.swift */; };
		A049C16624311F5800FA274F /* CategoryHome.swift in Sources */ = {isa = PBXBuildFile; fileRef = A049C16524311F5800FA274F /* CategoryHome.swift */; };
		A049C1682431208A00FA274F /* CategoryRow.swift in Sources */ = {isa = PBXBuildFile; fileRef = A049C1672431208A00FA274F /* CategoryRow.swift */; };
		A049C16A2431233300FA274F /* CategoryItem.swift in Sources */ = {isa = PBXBuildFile; fileRef = A049C1692431233300FA274F /* CategoryItem.swift */; };
		A049C16D24312C0D00FA274F /* ProfileHost.swift in Sources */ = {isa = PBXBuildFile; fileRef = A049C16C24312C0D00FA274F /* ProfileHost.swift */; };
		A049C16F24312C8900FA274F /* Profile.swift in Sources */ = {isa = PBXBuildFile; fileRef = A049C16E24312C8900FA274F /* Profile.swift */; };
		A049C17124312D4500FA274F /* ProfileSummary.swift in Sources */ = {isa = PBXBuildFile; fileRef = A049C17024312D4500FA274F /* ProfileSummary.swift */; };
		A049C17324312EAA00FA274F /* HikeBadge.swift in Sources */ = {isa = PBXBuildFile; fileRef = A049C17224312EAA00FA274F /* HikeBadge.swift */; };
		A049C175243135D800FA274F /* ProfileEditor.swift in Sources */ = {isa = PBXBuildFile; fileRef = A049C174243135D800FA274F /* ProfileEditor.swift */; };
/* End PBXBuildFile section */

/* Begin PBXFileReference section */
		A020AF1F24300FB40037C98B /* Landmarks.app */ = {isa = PBXFileReference; explicitFileType = wrapper.application; includeInIndex = 0; path = Landmarks.app; sourceTree = BUILT_PRODUCTS_DIR; };
		A020AF2224300FB40037C98B /* AppDelegate.swift */ = {isa = PBXFileReference; lastKnownFileType = sourcecode.swift; path = AppDelegate.swift; sourceTree = "<group>"; };
		A020AF2424300FB40037C98B /* SceneDelegate.swift */ = {isa = PBXFileReference; lastKnownFileType = sourcecode.swift; path = SceneDelegate.swift; sourceTree = "<group>"; };
		A020AF2624300FB40037C98B /* LandmarkDetail.swift */ = {isa = PBXFileReference; lastKnownFileType = sourcecode.swift; path = LandmarkDetail.swift; sourceTree = "<group>"; };
		A020AF2824300FBB0037C98B /* Assets.xcassets */ = {isa = PBXFileReference; lastKnownFileType = folder.assetcatalog; path = Assets.xcassets; sourceTree = "<group>"; };
		A020AF2B24300FBB0037C98B /* Preview Assets.xcassets */ = {isa = PBXFileReference; lastKnownFileType = folder.assetcatalog; path = "Preview Assets.xcassets"; sourceTree = "<group>"; };
		A020AF2E24300FBB0037C98B /* Base */ = {isa = PBXFileReference; lastKnownFileType = file.storyboard; name = Base; path = Base.lproj/LaunchScreen.storyboard; sourceTree = "<group>"; };
		A020AF3024300FBB0037C98B /* Info.plist */ = {isa = PBXFileReference; lastKnownFileType = text.plist.xml; path = Info.plist; sourceTree = "<group>"; };
		A020AF362430120A0037C98B /* CircleImage.swift */ = {isa = PBXFileReference; lastKnownFileType = sourcecode.swift; path = CircleImage.swift; sourceTree = "<group>"; };
		A020AF38243012D80037C98B /* MapView.swift */ = {isa = PBXFileReference; lastKnownFileType = sourcecode.swift; path = MapView.swift; sourceTree = "<group>"; };
		A020AF3B243021430037C98B /* Landmark.swift */ = {isa = PBXFileReference; lastKnownFileType = sourcecode.swift; path = Landmark.swift; sourceTree = "<group>"; };
		A020AF40243024140037C98B /* Data.swift */ = {isa = PBXFileReference; lastKnownFileType = sourcecode.swift; path = Data.swift; sourceTree = "<group>"; };
		A020AF42243024300037C98B /* ImageStore.swift */ = {isa = PBXFileReference; lastKnownFileType = sourcecode.swift; path = ImageStore.swift; sourceTree = "<group>"; };
		A020AF5D2430252B0037C98B /* LandmarkRow.swift */ = {isa = PBXFileReference; lastKnownFileType = sourcecode.swift; path = LandmarkRow.swift; sourceTree = "<group>"; };
		A020AF5F243027290037C98B /* LandmarkList.swift */ = {isa = PBXFileReference; lastKnownFileType = sourcecode.swift; path = LandmarkList.swift; sourceTree = "<group>"; };
		A0420FE224303DFC00118418 /* landmarkData.json */ = {isa = PBXFileReference; fileEncoding = 4; lastKnownFileType = text.json; name = landmarkData.json; path = ../../../../../Downloads/HandlingUserInput/StartingPoint/Landmarks/Landmarks/Resources/landmarkData.json; sourceTree = "<group>"; };
		A0420FFC24303E8F00118418 /* rainbowlake.jpg */ = {isa = PBXFileReference; lastKnownFileType = image.jpeg; path = rainbowlake.jpg; sourceTree = "<group>"; };
		A0420FFD24303E8F00118418 /* chilkoottrail.jpg */ = {isa = PBXFileReference; lastKnownFileType = image.jpeg; path = chilkoottrail.jpg; sourceTree = "<group>"; };
		A0420FFE24303E8F00118418 /* silversalmoncreek.jpg */ = {isa = PBXFileReference; lastKnownFileType = image.jpeg; path = silversalmoncreek.jpg; sourceTree = "<group>"; };
		A0420FFF24303E8F00118418 /* twinlake.jpg */ = {isa = PBXFileReference; lastKnownFileType = image.jpeg; path = twinlake.jpg; sourceTree = "<group>"; };
		A042100024303E8F00118418 /* charleyrivers.jpg */ = {isa = PBXFileReference; lastKnownFileType = image.jpeg; path = charleyrivers.jpg; sourceTree = "<group>"; };
		A042100124303E8F00118418 /* hiddenlake.jpg */ = {isa = PBXFileReference; lastKnownFileType = image.jpeg; path = hiddenlake.jpg; sourceTree = "<group>"; };
		A042100224303E8F00118418 /* turtlerock.jpg */ = {isa = PBXFileReference; lastKnownFileType = image.jpeg; path = turtlerock.jpg; sourceTree = "<group>"; };
		A042100324303E8F00118418 /* lakemcdonald.jpg */ = {isa = PBXFileReference; lastKnownFileType = image.jpeg; path = lakemcdonald.jpg; sourceTree = "<group>"; };
		A042100424303E8F00118418 /* umbagog.jpg */ = {isa = PBXFileReference; lastKnownFileType = image.jpeg; path = umbagog.jpg; sourceTree = "<group>"; };
		A042100524303E8F00118418 /* stmarylake.jpg */ = {isa = PBXFileReference; lastKnownFileType = image.jpeg; path = stmarylake.jpg; sourceTree = "<group>"; };
		A042100624303E8F00118418 /* icybay.jpg */ = {isa = PBXFileReference; lastKnownFileType = image.jpeg; path = icybay.jpg; sourceTree = "<group>"; };
		A042100724303E9000118418 /* chincoteague.jpg */ = {isa = PBXFileReference; lastKnownFileType = image.jpeg; path = chincoteague.jpg; sourceTree = "<group>"; };
		A042101424303EF900118418 /* UserData.swift */ = {isa = PBXFileReference; lastKnownFileType = sourcecode.swift; path = UserData.swift; sourceTree = "<group>"; };
		A04210162430E37200118418 /* Badge.swift */ = {isa = PBXFileReference; lastKnownFileType = sourcecode.swift; path = Badge.swift; sourceTree = "<group>"; };
		A04210182430E41F00118418 /* HexagonParameters.swift */ = {isa = PBXFileReference; lastKnownFileType = sourcecode.swift; path = HexagonParameters.swift; sourceTree = "<group>"; };
		A042101A2430E83D00118418 /* BadgeBackground.swift */ = {isa = PBXFileReference; lastKnownFileType = sourcecode.swift; path = BadgeBackground.swift; sourceTree = "<group>"; };
		A042101C2430E8D100118418 /* BadgeSymbol.swift */ = {isa = PBXFileReference; lastKnownFileType = sourcecode.swift; path = BadgeSymbol.swift; sourceTree = "<group>"; };
		A042101E2430EDB200118418 /* RotatedBadgeSymbol.swift */ = {isa = PBXFileReference; lastKnownFileType = sourcecode.swift; path = RotatedBadgeSymbol.swift; sourceTree = "<group>"; };
		A04210202430F5E500118418 /* HikeView.swift */ = {isa = PBXFileReference; lastKnownFileType = sourcecode.swift; path = HikeView.swift; sourceTree = "<group>"; };
		A04210222430FB9D00118418 /* Hike.swift */ = {isa = PBXFileReference; lastKnownFileType = sourcecode.swift; path = Hike.swift; sourceTree = "<group>"; };
		A04210242430FCC300118418 /* hikeData.json */ = {isa = PBXFileReference; fileEncoding = 4; lastKnownFileType = text.json; path = hikeData.json; sourceTree = "<group>"; };
		A04210262430FD1500118418 /* HikeDetail.swift */ = {isa = PBXFileReference; lastKnownFileType = sourcecode.swift; path = HikeDetail.swift; sourceTree = "<group>"; };
		A04210282430FD4300118418 /* HikeGraph.swift */ = {isa = PBXFileReference; lastKnownFileType = sourcecode.swift; path = HikeGraph.swift; sourceTree = "<group>"; };
		A042102A2430FDCD00118418 /* GraphCapsule.swift */ = {isa = PBXFileReference; lastKnownFileType = sourcecode.swift; path = GraphCapsule.swift; sourceTree = "<group>"; };
		A049C16524311F5800FA274F /* CategoryHome.swift */ = {isa = PBXFileReference; lastKnownFileType = sourcecode.swift; path = CategoryHome.swift; sourceTree = "<group>"; };
		A049C1672431208A00FA274F /* CategoryRow.swift */ = {isa = PBXFileReference; lastKnownFileType = sourcecode.swift; path = CategoryRow.swift; sourceTree = "<group>"; };
		A049C1692431233300FA274F /* CategoryItem.swift */ = {isa = PBXFileReference; lastKnownFileType = sourcecode.swift; path = CategoryItem.swift; sourceTree = "<group>"; };
		A049C16C24312C0D00FA274F /* ProfileHost.swift */ = {isa = PBXFileReference; lastKnownFileType = sourcecode.swift; path = ProfileHost.swift; sourceTree = "<group>"; };
		A049C16E24312C8900FA274F /* Profile.swift */ = {isa = PBXFileReference; lastKnownFileType = sourcecode.swift; path = Profile.swift; sourceTree = "<group>"; };
		A049C17024312D4500FA274F /* ProfileSummary.swift */ = {isa = PBXFileReference; lastKnownFileType = sourcecode.swift; path = ProfileSummary.swift; sourceTree = "<group>"; };
		A049C17224312EAA00FA274F /* HikeBadge.swift */ = {isa = PBXFileReference; lastKnownFileType = sourcecode.swift; path = HikeBadge.swift; sourceTree = "<group>"; };
		A049C174243135D800FA274F /* ProfileEditor.swift */ = {isa = PBXFileReference; lastKnownFileType = sourcecode.swift; path = ProfileEditor.swift; sourceTree = "<group>"; };
/* End PBXFileReference section */

/* Begin PBXFrameworksBuildPhase section */
		A020AF1C24300FB40037C98B /* Frameworks */ = {
			isa = PBXFrameworksBuildPhase;
			buildActionMask = 2147483647;
			files = (
			);
			runOnlyForDeploymentPostprocessing = 0;
		};
/* End PBXFrameworksBuildPhase section */

/* Begin PBXGroup section */
		A020AF1624300FB40037C98B = {
			isa = PBXGroup;
			children = (
				A020AF2124300FB40037C98B /* Landmarks */,
				A020AF2024300FB40037C98B /* Products */,
			);
			sourceTree = "<group>";
		};
		A020AF2024300FB40037C98B /* Products */ = {
			isa = PBXGroup;
			children = (
				A020AF1F24300FB40037C98B /* Landmarks.app */,
			);
			name = Products;
			sourceTree = "<group>";
		};
		A020AF2124300FB40037C98B /* Landmarks */ = {
			isa = PBXGroup;
			children = (
				A020AF3024300FBB0037C98B /* Info.plist */,
				A020AF2224300FB40037C98B /* AppDelegate.swift */,
				A049C16524311F5800FA274F /* CategoryHome.swift */,
				A04210182430E41F00118418 /* HexagonParameters.swift */,
				A049C17224312EAA00FA274F /* HikeBadge.swift */,
				A04210262430FD1500118418 /* HikeDetail.swift */,
				A04210202430F5E500118418 /* HikeView.swift */,
				A020AF42243024300037C98B /* ImageStore.swift */,
				A020AF2424300FB40037C98B /* SceneDelegate.swift */,
				A020AF2824300FBB0037C98B /* Assets.xcassets */,
				A020AF2D24300FBB0037C98B /* LaunchScreen.storyboard */,
				A020AF3A243021340037C98B /* Models */,
				A020AF2A24300FBB0037C98B /* Preview Content */,
				A049C16B24312BFA00FA274F /* Profile */,
				A020AF3D243023B30037C98B /* Resources */,
				A020AF5C2430250F0037C98B /* Views */,
			);
			path = Landmarks;
			sourceTree = "<group>";
		};
		A020AF2A24300FBB0037C98B /* Preview Content */ = {
			isa = PBXGroup;
			children = (
				A020AF2B24300FBB0037C98B /* Preview Assets.xcassets */,
			);
			path = "Preview Content";
			sourceTree = "<group>";
		};
		A020AF3A243021340037C98B /* Models */ = {
			isa = PBXGroup;
			children = (
				A04210222430FB9D00118418 /* Hike.swift */,
				A020AF40243024140037C98B /* Data.swift */,
				A020AF3B243021430037C98B /* Landmark.swift */,
				A042101424303EF900118418 /* UserData.swift */,
				A049C16E24312C8900FA274F /* Profile.swift */,
			);
			path = Models;
			sourceTree = "<group>";
		};
		A020AF3D243023B30037C98B /* Resources */ = {
			isa = PBXGroup;
			children = (
				A04210242430FCC300118418 /* hikeData.json */,
				A042100024303E8F00118418 /* charleyrivers.jpg */,
				A0420FFD24303E8F00118418 /* chilkoottrail.jpg */,
				A042100724303E9000118418 /* chincoteague.jpg */,
				A042100124303E8F00118418 /* hiddenlake.jpg */,
				A042100624303E8F00118418 /* icybay.jpg */,
				A042100324303E8F00118418 /* lakemcdonald.jpg */,
				A0420FFC24303E8F00118418 /* rainbowlake.jpg */,
				A0420FFE24303E8F00118418 /* silversalmoncreek.jpg */,
				A042100524303E8F00118418 /* stmarylake.jpg */,
				A042100224303E8F00118418 /* turtlerock.jpg */,
				A0420FFF24303E8F00118418 /* twinlake.jpg */,
				A042100424303E8F00118418 /* umbagog.jpg */,
				A0420FE224303DFC00118418 /* landmarkData.json */,
			);
			path = Resources;
			sourceTree = "<group>";
		};
		A020AF5C2430250F0037C98B /* Views */ = {
			isa = PBXGroup;
			children = (
				A049C1672431208A00FA274F /* CategoryRow.swift */,
				A049C1692431233300FA274F /* CategoryItem.swift */,
				A020AF362430120A0037C98B /* CircleImage.swift */,
				A020AF38243012D80037C98B /* MapView.swift */,
				A020AF2624300FB40037C98B /* LandmarkDetail.swift */,
				A020AF5D2430252B0037C98B /* LandmarkRow.swift */,
				A020AF5F243027290037C98B /* LandmarkList.swift */,
				A04210162430E37200118418 /* Badge.swift */,
				A042101A2430E83D00118418 /* BadgeBackground.swift */,
				A042101C2430E8D100118418 /* BadgeSymbol.swift */,
				A042101E2430EDB200118418 /* RotatedBadgeSymbol.swift */,
				A04210282430FD4300118418 /* HikeGraph.swift */,
				A042102A2430FDCD00118418 /* GraphCapsule.swift */,
			);
			path = Views;
			sourceTree = "<group>";
		};
		A049C16B24312BFA00FA274F /* Profile */ = {
			isa = PBXGroup;
			children = (
				A049C16C24312C0D00FA274F /* ProfileHost.swift */,
				A049C17024312D4500FA274F /* ProfileSummary.swift */,
				A049C174243135D800FA274F /* ProfileEditor.swift */,
			);
			path = Profile;
			sourceTree = "<group>";
		};
/* End PBXGroup section */

/* Begin PBXNativeTarget section */
		A020AF1E24300FB40037C98B /* Landmarks */ = {
			isa = PBXNativeTarget;
			buildConfigurationList = A020AF3324300FBB0037C98B /* Build configuration list for PBXNativeTarget "Landmarks" */;
			buildPhases = (
				A020AF1B24300FB40037C98B /* Sources */,
				A020AF1C24300FB40037C98B /* Frameworks */,
				A020AF1D24300FB40037C98B /* Resources */,
			);
			buildRules = (
			);
			dependencies = (
			);
			name = Landmarks;
			productName = Landmarks;
			productReference = A020AF1F24300FB40037C98B /* Landmarks.app */;
			productType = "com.apple.product-type.application";
		};
/* End PBXNativeTarget section */

/* Begin PBXProject section */
		A020AF1724300FB40037C98B /* Project object */ = {
			isa = PBXProject;
			attributes = {
				LastSwiftUpdateCheck = 1140;
				LastUpgradeCheck = 1140;
				ORGANIZATIONNAME = "Lisandro Falconi";
				TargetAttributes = {
					A020AF1E24300FB40037C98B = {
						CreatedOnToolsVersion = 11.4;
					};
				};
			};
			buildConfigurationList = A020AF1A24300FB40037C98B /* Build configuration list for PBXProject "Landmarks" */;
			compatibilityVersion = "Xcode 9.3";
			developmentRegion = en;
			hasScannedForEncodings = 0;
			knownRegions = (
				en,
				Base,
			);
			mainGroup = A020AF1624300FB40037C98B;
			productRefGroup = A020AF2024300FB40037C98B /* Products */;
			projectDirPath = "";
			projectRoot = "";
			targets = (
				A020AF1E24300FB40037C98B /* Landmarks */,
			);
		};
/* End PBXProject section */

/* Begin PBXResourcesBuildPhase section */
		A020AF1D24300FB40037C98B /* Resources */ = {
			isa = PBXResourcesBuildPhase;
			buildActionMask = 2147483647;
			files = (
				A0420FE324303DFC00118418 /* landmarkData.json in Resources */,
				A042100E24303E9000118418 /* turtlerock.jpg in Resources */,
				A04210252430FCC300118418 /* hikeData.json in Resources */,
				A042101024303E9000118418 /* umbagog.jpg in Resources */,
				A042100924303E9000118418 /* chilkoottrail.jpg in Resources */,
				A042100B24303E9000118418 /* twinlake.jpg in Resources */,
				A042100C24303E9000118418 /* charleyrivers.jpg in Resources */,
				A042101124303E9000118418 /* stmarylake.jpg in Resources */,
				A042100824303E9000118418 /* rainbowlake.jpg in Resources */,
				A042100F24303E9000118418 /* lakemcdonald.jpg in Resources */,
				A020AF2F24300FBB0037C98B /* LaunchScreen.storyboard in Resources */,
				A042100A24303E9000118418 /* silversalmoncreek.jpg in Resources */,
				A020AF2C24300FBB0037C98B /* Preview Assets.xcassets in Resources */,
				A042100D24303E9000118418 /* hiddenlake.jpg in Resources */,
				A042101224303E9000118418 /* icybay.jpg in Resources */,
				A042101324303E9000118418 /* chincoteague.jpg in Resources */,
				A020AF2924300FBB0037C98B /* Assets.xcassets in Resources */,
			);
			runOnlyForDeploymentPostprocessing = 0;
		};
/* End PBXResourcesBuildPhase section */

/* Begin PBXSourcesBuildPhase section */
		A020AF1B24300FB40037C98B /* Sources */ = {
			isa = PBXSourcesBuildPhase;
			buildActionMask = 2147483647;
			files = (
				A020AF41243024140037C98B /* Data.swift in Sources */,
				A04210172430E37200118418 /* Badge.swift in Sources */,
				A020AF2324300FB40037C98B /* AppDelegate.swift in Sources */,
				A049C16F24312C8900FA274F /* Profile.swift in Sources */,
				A020AF372430120A0037C98B /* CircleImage.swift in Sources */,
				A049C16624311F5800FA274F /* CategoryHome.swift in Sources */,
				A049C17324312EAA00FA274F /* HikeBadge.swift in Sources */,
				A020AF43243024300037C98B /* ImageStore.swift in Sources */,
				A049C1682431208A00FA274F /* CategoryRow.swift in Sources */,
				A04210212430F5E500118418 /* HikeView.swift in Sources */,
				A04210232430FB9D00118418 /* Hike.swift in Sources */,
				A04210272430FD1500118418 /* HikeDetail.swift in Sources */,
				A049C17124312D4500FA274F /* ProfileSummary.swift in Sources */,
				A049C175243135D800FA274F /* ProfileEditor.swift in Sources */,
				A049C16A2431233300FA274F /* CategoryItem.swift in Sources */,
				A020AF39243012D80037C98B /* MapView.swift in Sources */,
				A042101524303EF900118418 /* UserData.swift in Sources */,
				A049C16D24312C0D00FA274F /* ProfileHost.swift in Sources */,
				A020AF2524300FB40037C98B /* SceneDelegate.swift in Sources */,
				A042101D2430E8D100118418 /* BadgeSymbol.swift in Sources */,
				A020AF2724300FB40037C98B /* LandmarkDetail.swift in Sources */,
				A04210292430FD4300118418 /* HikeGraph.swift in Sources */,
				A042101B2430E83D00118418 /* BadgeBackground.swift in Sources */,
				A04210192430E41F00118418 /* HexagonParameters.swift in Sources */,
				A020AF3C243021430037C98B /* Landmark.swift in Sources */,
				A020AF5E2430252B0037C98B /* LandmarkRow.swift in Sources */,
				A020AF60243027290037C98B /* LandmarkList.swift in Sources */,
				A042101F2430EDB200118418 /* RotatedBadgeSymbol.swift in Sources */,
				A042102B2430FDCD00118418 /* GraphCapsule.swift in Sources */,
			);
			runOnlyForDeploymentPostprocessing = 0;
		};
/* End PBXSourcesBuildPhase section */

/* Begin PBXVariantGroup section */
		A020AF2D24300FBB0037C98B /* LaunchScreen.storyboard */ = {
			isa = PBXVariantGroup;
			children = (
				A020AF2E24300FBB0037C98B /* Base */,
			);
			name = LaunchScreen.storyboard;
			sourceTree = "<group>";
		};
/* End PBXVariantGroup section */

/* Begin XCBuildConfiguration section */
		A020AF3124300FBB0037C98B /* Debug */ = {
			isa = XCBuildConfiguration;
			buildSettings = {
				ALWAYS_SEARCH_USER_PATHS = NO;
				CLANG_ANALYZER_NONNULL = YES;
				CLANG_ANALYZER_NUMBER_OBJECT_CONVERSION = YES_AGGRESSIVE;
				CLANG_CXX_LANGUAGE_STANDARD = "gnu++14";
				CLANG_CXX_LIBRARY = "libc++";
				CLANG_ENABLE_MODULES = YES;
				CLANG_ENABLE_OBJC_ARC = YES;
				CLANG_ENABLE_OBJC_WEAK = YES;
				CLANG_WARN_BLOCK_CAPTURE_AUTORELEASING = YES;
				CLANG_WARN_BOOL_CONVERSION = YES;
				CLANG_WARN_COMMA = YES;
				CLANG_WARN_CONSTANT_CONVERSION = YES;
				CLANG_WARN_DEPRECATED_OBJC_IMPLEMENTATIONS = YES;
				CLANG_WARN_DIRECT_OBJC_ISA_USAGE = YES_ERROR;
				CLANG_WARN_DOCUMENTATION_COMMENTS = YES;
				CLANG_WARN_EMPTY_BODY = YES;
				CLANG_WARN_ENUM_CONVERSION = YES;
				CLANG_WARN_INFINITE_RECURSION = YES;
				CLANG_WARN_INT_CONVERSION = YES;
				CLANG_WARN_NON_LITERAL_NULL_CONVERSION = YES;
				CLANG_WARN_OBJC_IMPLICIT_RETAIN_SELF = YES;
				CLANG_WARN_OBJC_LITERAL_CONVERSION = YES;
				CLANG_WARN_OBJC_ROOT_CLASS = YES_ERROR;
				CLANG_WARN_RANGE_LOOP_ANALYSIS = YES;
				CLANG_WARN_STRICT_PROTOTYPES = YES;
				CLANG_WARN_SUSPICIOUS_MOVE = YES;
				CLANG_WARN_UNGUARDED_AVAILABILITY = YES_AGGRESSIVE;
				CLANG_WARN_UNREACHABLE_CODE = YES;
				CLANG_WARN__DUPLICATE_METHOD_MATCH = YES;
				COPY_PHASE_STRIP = NO;
				DEBUG_INFORMATION_FORMAT = dwarf;
				ENABLE_STRICT_OBJC_MSGSEND = YES;
				ENABLE_TESTABILITY = YES;
				GCC_C_LANGUAGE_STANDARD = gnu11;
				GCC_DYNAMIC_NO_PIC = NO;
				GCC_NO_COMMON_BLOCKS = YES;
				GCC_OPTIMIZATION_LEVEL = 0;
				GCC_PREPROCESSOR_DEFINITIONS = (
					"DEBUG=1",
					"$(inherited)",
				);
				GCC_WARN_64_TO_32_BIT_CONVERSION = YES;
				GCC_WARN_ABOUT_RETURN_TYPE = YES_ERROR;
				GCC_WARN_UNDECLARED_SELECTOR = YES;
				GCC_WARN_UNINITIALIZED_AUTOS = YES_AGGRESSIVE;
				GCC_WARN_UNUSED_FUNCTION = YES;
				GCC_WARN_UNUSED_VARIABLE = YES;
				IPHONEOS_DEPLOYMENT_TARGET = 13.4;
				MTL_ENABLE_DEBUG_INFO = INCLUDE_SOURCE;
				MTL_FAST_MATH = YES;
				ONLY_ACTIVE_ARCH = YES;
				SDKROOT = iphoneos;
				SWIFT_ACTIVE_COMPILATION_CONDITIONS = DEBUG;
				SWIFT_OPTIMIZATION_LEVEL = "-Onone";
			};
			name = Debug;
		};
		A020AF3224300FBB0037C98B /* Release */ = {
			isa = XCBuildConfiguration;
			buildSettings = {
				ALWAYS_SEARCH_USER_PATHS = NO;
				CLANG_ANALYZER_NONNULL = YES;
				CLANG_ANALYZER_NUMBER_OBJECT_CONVERSION = YES_AGGRESSIVE;
				CLANG_CXX_LANGUAGE_STANDARD = "gnu++14";
				CLANG_CXX_LIBRARY = "libc++";
				CLANG_ENABLE_MODULES = YES;
				CLANG_ENABLE_OBJC_ARC = YES;
				CLANG_ENABLE_OBJC_WEAK = YES;
				CLANG_WARN_BLOCK_CAPTURE_AUTORELEASING = YES;
				CLANG_WARN_BOOL_CONVERSION = YES;
				CLANG_WARN_COMMA = YES;
				CLANG_WARN_CONSTANT_CONVERSION = YES;
				CLANG_WARN_DEPRECATED_OBJC_IMPLEMENTATIONS = YES;
				CLANG_WARN_DIRECT_OBJC_ISA_USAGE = YES_ERROR;
				CLANG_WARN_DOCUMENTATION_COMMENTS = YES;
				CLANG_WARN_EMPTY_BODY = YES;
				CLANG_WARN_ENUM_CONVERSION = YES;
				CLANG_WARN_INFINITE_RECURSION = YES;
				CLANG_WARN_INT_CONVERSION = YES;
				CLANG_WARN_NON_LITERAL_NULL_CONVERSION = YES;
				CLANG_WARN_OBJC_IMPLICIT_RETAIN_SELF = YES;
				CLANG_WARN_OBJC_LITERAL_CONVERSION = YES;
				CLANG_WARN_OBJC_ROOT_CLASS = YES_ERROR;
				CLANG_WARN_RANGE_LOOP_ANALYSIS = YES;
				CLANG_WARN_STRICT_PROTOTYPES = YES;
				CLANG_WARN_SUSPICIOUS_MOVE = YES;
				CLANG_WARN_UNGUARDED_AVAILABILITY = YES_AGGRESSIVE;
				CLANG_WARN_UNREACHABLE_CODE = YES;
				CLANG_WARN__DUPLICATE_METHOD_MATCH = YES;
				COPY_PHASE_STRIP = NO;
				DEBUG_INFORMATION_FORMAT = "dwarf-with-dsym";
				ENABLE_NS_ASSERTIONS = NO;
				ENABLE_STRICT_OBJC_MSGSEND = YES;
				GCC_C_LANGUAGE_STANDARD = gnu11;
				GCC_NO_COMMON_BLOCKS = YES;
				GCC_WARN_64_TO_32_BIT_CONVERSION = YES;
				GCC_WARN_ABOUT_RETURN_TYPE = YES_ERROR;
				GCC_WARN_UNDECLARED_SELECTOR = YES;
				GCC_WARN_UNINITIALIZED_AUTOS = YES_AGGRESSIVE;
				GCC_WARN_UNUSED_FUNCTION = YES;
				GCC_WARN_UNUSED_VARIABLE = YES;
				IPHONEOS_DEPLOYMENT_TARGET = 13.4;
				MTL_ENABLE_DEBUG_INFO = NO;
				MTL_FAST_MATH = YES;
				SDKROOT = iphoneos;
				SWIFT_COMPILATION_MODE = wholemodule;
				SWIFT_OPTIMIZATION_LEVEL = "-O";
				VALIDATE_PRODUCT = YES;
			};
			name = Release;
		};
		A020AF3424300FBB0037C98B /* Debug */ = {
			isa = XCBuildConfiguration;
			buildSettings = {
				ASSETCATALOG_COMPILER_APPICON_NAME = AppIcon;
				CODE_SIGN_STYLE = Automatic;
				DEVELOPMENT_ASSET_PATHS = "\"Landmarks/Preview Content\"";
				DEVELOPMENT_TEAM = 9YQEN8BUQJ;
				ENABLE_PREVIEWS = YES;
				INFOPLIST_FILE = Landmarks/Info.plist;
				LD_RUNPATH_SEARCH_PATHS = (
					"$(inherited)",
					"@executable_path/Frameworks",
				);
				PRODUCT_BUNDLE_IDENTIFIER = com.lisandrofalconi.Landmarks;
				PRODUCT_NAME = "$(TARGET_NAME)";
				SWIFT_VERSION = 5.0;
				TARGETED_DEVICE_FAMILY = "1,2";
			};
			name = Debug;
		};
		A020AF3524300FBB0037C98B /* Release */ = {
			isa = XCBuildConfiguration;
			buildSettings = {
				ASSETCATALOG_COMPILER_APPICON_NAME = AppIcon;
				CODE_SIGN_STYLE = Automatic;
				DEVELOPMENT_ASSET_PATHS = "\"Landmarks/Preview Content\"";
				DEVELOPMENT_TEAM = 9YQEN8BUQJ;
				ENABLE_PREVIEWS = YES;
				INFOPLIST_FILE = Landmarks/Info.plist;
				LD_RUNPATH_SEARCH_PATHS = (
					"$(inherited)",
					"@executable_path/Frameworks",
				);
				PRODUCT_BUNDLE_IDENTIFIER = com.lisandrofalconi.Landmarks;
				PRODUCT_NAME = "$(TARGET_NAME)";
				SWIFT_VERSION = 5.0;
				TARGETED_DEVICE_FAMILY = "1,2";
			};
			name = Release;
		};
/* End XCBuildConfiguration section */

/* Begin XCConfigurationList section */
		A020AF1A24300FB40037C98B /* Build configuration list for PBXProject "Landmarks" */ = {
			isa = XCConfigurationList;
			buildConfigurations = (
				A020AF3124300FBB0037C98B /* Debug */,
				A020AF3224300FBB0037C98B /* Release */,
			);
			defaultConfigurationIsVisible = 0;
			defaultConfigurationName = Release;
		};
		A020AF3324300FBB0037C98B /* Build configuration list for PBXNativeTarget "Landmarks" */ = {
			isa = XCConfigurationList;
			buildConfigurations = (
				A020AF3424300FBB0037C98B /* Debug */,
				A020AF3524300FBB0037C98B /* Release */,
			);
			defaultConfigurationIsVisible = 0;
			defaultConfigurationName = Release;
		};
/* End XCConfigurationList section */
	};
	rootObject = A020AF1724300FB40037C98B /* Project object */;
}
